github.com/di-wu/parser v0.2.2 h1:I9oHJ8spBXOeL7Wps0ffkFFFiXJf/pk7NX9lcAMqRMU=
github.com/di-wu/parser v0.2.2/go.mod h1:SLp58pW6WamdmznrVRrw2NTyn4wAvT9rrEFynKX7nYo=
github.com/pegn/pegn-go v0.1.1 h1:Uj8d8nivswQ3XyhS0bJ8N6q48HBaQcwX3TxfXiz0heQ=
github.com/pegn/pegn-go v0.1.1/go.mod h1:7ucUrkjUWFNRk9GEG9H1P1LDgonnmP8J+xz0aLISPPE=
