github.com/di-wu/parser v0.1.6 h1:RSVcOc1vFDpQVaMMwY/EKr1k7Ucj4L2NSI9IWaIk6cU=
github.com/di-wu/parser v0.1.6/go.mod h1:SLp58pW6WamdmznrVRrw2NTyn4wAvT9rrEFynKX7nYo=
github.com/pegn/pegn-go v0.0.0-20210128173842-430947a82c15 h1:lJMsufAeq8xQsW6ehi/6agRcOmTu8OAtANmNi6zM/pI=
github.com/pegn/pegn-go v0.0.0-20210128173842-430947a82c15/go.mod h1:RT5xmH7rTeeFDTcVNnm+GZ1xmgyi+k4XVHSojbSqlBo=
